
Microsoft Visual Studio Solution File, Format Version 12.00
# Visual Studio Version 16
VisualStudioVersion = 16.0.30011.22
MinimumVisualStudioVersion = 10.0.40219.1
Project("{FAE04EC0-301F-11D3-BF4B-00C04F79EFBC}") = "SampleTaskServerSide", "SampleTaskServerSide.csproj", "{20C094F0-6743-4D38-9119-4B3C72488CDC}"
EndProject
Global
	GlobalSection(SolutionConfigurationPlatforms) = preSolution
		Debug|Any CPU = Debug|Any CPU
		Release|Any CPU = Release|Any CPU
	EndGlobalSection
	GlobalSection(ProjectConfigurationPlatforms) = postSolution
		{20C094F0-6743-4D38-9119-4B3C72488CDC}.Debug|Any CPU.ActiveCfg = Debug|Any CPU
		{20C094F0-6743-4D38-9119-4B3C72488CDC}.Debug|Any CPU.Build.0 = Debug|Any CPU
		{20C094F0-6743-4D38-9119-4B3C72488CDC}.Release|Any CPU.ActiveCfg = Release|Any CPU
		{20C094F0-6743-4D38-9119-4B3C72488CDC}.Release|Any CPU.Build.0 = Release|Any CPU
	EndGlobalSection
	GlobalSection(SolutionProperties) = preSolution
		HideSolutionNode = FALSE
	EndGlobalSection
	GlobalSection(ExtensibilityGlobals) = postSolution
		SolutionGuid = {DD4036DC-77E7-45D9-BF43-A470384C9EBF}
	EndGlobalSection
EndGlobal
